
Microsoft Visual Studio Solution File, Format Version 12.00
Project("{FAE04EC0-301F-11D3-BF4B-00C04F79EFBC}") = "DesignPattern.Builder", "DesignPattern.Builder\DesignPattern.Builder.csproj", "{68C5EA2C-C1D1-4C7B-891D-7193FEDBC1E4}"
EndProject
Project("{FAE04EC0-301F-11D3-BF4B-00C04F79EFBC}") = "DesignPattern.FactoryMethod", "DesignPattern.FactoryMethod\DesignPattern.FactoryMethod.csproj", "{3E87AB15-718C-4C66-88C9-CA087EC0FD65}"
EndProject
Project("{FAE04EC0-301F-11D3-BF4B-00C04F79EFBC}") = "DesignPattern.Builder.Pizza", "DesignPattern.Builder.Pizza\DesignPattern.Builder.Pizza.csproj", "{4726CAED-E66A-4780-98AE-74FBEB088CEC}"
EndProject
Project("{FAE04EC0-301F-11D3-BF4B-00C04F79EFBC}") = "DesignPattern.Observer", "DesignPattern.Observer\DesignPattern.Observer.csproj", "{75DF8E43-B395-4DEB-A679-0D83D6EA8020}"
EndProject
Project("{FAE04EC0-301F-11D3-BF4B-00C04F79EFBC}") = "DesignPattern.Builder.PaymentService", "DesignPattern.Builder.PaymentService\DesignPattern.Builder.PaymentService.csproj", "{7FE9B505-02DD-4CEC-B080-04462014DB7B}"
EndProject
Project("{FAE04EC0-301F-11D3-BF4B-00C04F79EFBC}") = "DesignPatter.AbstractFactoryMethod", "DesignPatter.AbstractFactoryMethod\DesignPatter.AbstractFactoryMethod.csproj", "{1809A29D-ED61-4D9F-9231-6A60EB2B8E2A}"
EndProject
Project("{FAE04EC0-301F-11D3-BF4B-00C04F79EFBC}") = "DesignPattern.Proxy", "DesignPattern.Proxy\DesignPattern.Proxy.csproj", "{2EAA3654-187C-4B11-BDD1-D502A232415E}"
EndProject
Global
	GlobalSection(SolutionConfigurationPlatforms) = preSolution
		Debug|Any CPU = Debug|Any CPU
		Release|Any CPU = Release|Any CPU
	EndGlobalSection
	GlobalSection(ProjectConfigurationPlatforms) = postSolution
		{68C5EA2C-C1D1-4C7B-891D-7193FEDBC1E4}.Debug|Any CPU.ActiveCfg = Debug|Any CPU
		{68C5EA2C-C1D1-4C7B-891D-7193FEDBC1E4}.Debug|Any CPU.Build.0 = Debug|Any CPU
		{68C5EA2C-C1D1-4C7B-891D-7193FEDBC1E4}.Release|Any CPU.ActiveCfg = Release|Any CPU
		{68C5EA2C-C1D1-4C7B-891D-7193FEDBC1E4}.Release|Any CPU.Build.0 = Release|Any CPU
		{3E87AB15-718C-4C66-88C9-CA087EC0FD65}.Debug|Any CPU.ActiveCfg = Debug|Any CPU
		{3E87AB15-718C-4C66-88C9-CA087EC0FD65}.Debug|Any CPU.Build.0 = Debug|Any CPU
		{3E87AB15-718C-4C66-88C9-CA087EC0FD65}.Release|Any CPU.ActiveCfg = Release|Any CPU
		{3E87AB15-718C-4C66-88C9-CA087EC0FD65}.Release|Any CPU.Build.0 = Release|Any CPU
		{4726CAED-E66A-4780-98AE-74FBEB088CEC}.Debug|Any CPU.ActiveCfg = Debug|Any CPU
		{4726CAED-E66A-4780-98AE-74FBEB088CEC}.Debug|Any CPU.Build.0 = Debug|Any CPU
		{4726CAED-E66A-4780-98AE-74FBEB088CEC}.Release|Any CPU.ActiveCfg = Release|Any CPU
		{4726CAED-E66A-4780-98AE-74FBEB088CEC}.Release|Any CPU.Build.0 = Release|Any CPU
		{75DF8E43-B395-4DEB-A679-0D83D6EA8020}.Debug|Any CPU.ActiveCfg = Debug|Any CPU
		{75DF8E43-B395-4DEB-A679-0D83D6EA8020}.Debug|Any CPU.Build.0 = Debug|Any CPU
		{75DF8E43-B395-4DEB-A679-0D83D6EA8020}.Release|Any CPU.ActiveCfg = Release|Any CPU
		{75DF8E43-B395-4DEB-A679-0D83D6EA8020}.Release|Any CPU.Build.0 = Release|Any CPU
		{7FE9B505-02DD-4CEC-B080-04462014DB7B}.Debug|Any CPU.ActiveCfg = Debug|Any CPU
		{7FE9B505-02DD-4CEC-B080-04462014DB7B}.Debug|Any CPU.Build.0 = Debug|Any CPU
		{7FE9B505-02DD-4CEC-B080-04462014DB7B}.Release|Any CPU.ActiveCfg = Release|Any CPU
		{7FE9B505-02DD-4CEC-B080-04462014DB7B}.Release|Any CPU.Build.0 = Release|Any CPU
		{1809A29D-ED61-4D9F-9231-6A60EB2B8E2A}.Debug|Any CPU.ActiveCfg = Debug|Any CPU
		{1809A29D-ED61-4D9F-9231-6A60EB2B8E2A}.Debug|Any CPU.Build.0 = Debug|Any CPU
		{1809A29D-ED61-4D9F-9231-6A60EB2B8E2A}.Release|Any CPU.ActiveCfg = Release|Any CPU
		{1809A29D-ED61-4D9F-9231-6A60EB2B8E2A}.Release|Any CPU.Build.0 = Release|Any CPU
		{2EAA3654-187C-4B11-BDD1-D502A232415E}.Debug|Any CPU.ActiveCfg = Debug|Any CPU
		{2EAA3654-187C-4B11-BDD1-D502A232415E}.Debug|Any CPU.Build.0 = Debug|Any CPU
		{2EAA3654-187C-4B11-BDD1-D502A232415E}.Release|Any CPU.ActiveCfg = Release|Any CPU
		{2EAA3654-187C-4B11-BDD1-D502A232415E}.Release|Any CPU.Build.0 = Release|Any CPU
	EndGlobalSection
EndGlobal
